// !$*UTF8*$!
{
	archiveVersion = 1;
	classes = {
	};
	objectVersion = 55;
	objects = {

/* Begin PBXBuildFile section */
		8E6F51492784C031000E8BED /* RNGApp.swift in Sources */ = {isa = PBXBuildFile; fileRef = 8E6F51482784C031000E8BED /* RNGApp.swift */; };
		8E6F514B2784C031000E8BED /* ContentView.swift in Sources */ = {isa = PBXBuildFile; fileRef = 8E6F514A2784C031000E8BED /* ContentView.swift */; };
		8E6F514D2784C033000E8BED /* Assets.xcassets in Resources */ = {isa = PBXBuildFile; fileRef = 8E6F514C2784C033000E8BED /* Assets.xcassets */; };
		8E6F51502784C033000E8BED /* Preview Assets.xcassets in Resources */ = {isa = PBXBuildFile; fileRef = 8E6F514F2784C033000E8BED /* Preview Assets.xcassets */; };
		8E6F51592784C0C3000E8BED /* Menu.swift in Sources */ = {isa = PBXBuildFile; fileRef = 8E6F51582784C0C3000E8BED /* Menu.swift */; };
		B367391B278CC7C3003FB3E9 /* EditList.swift in Sources */ = {isa = PBXBuildFile; fileRef = B367391A278CC7C3003FB3E9 /* EditList.swift */; };
		B367391D278DDD29003FB3E9 /* UserLists.swift in Sources */ = {isa = PBXBuildFile; fileRef = B367391C278DDD29003FB3E9 /* UserLists.swift */; };
		B367392027906EBC003FB3E9 /* Lists.swift in Sources */ = {isa = PBXBuildFile; fileRef = B367391F27906EBC003FB3E9 /* Lists.swift */; };
		B3D135BA2788891600C6264D /* Random Number Gen.swift in Sources */ = {isa = PBXBuildFile; fileRef = B3D135B92788891600C6264D /* Random Number Gen.swift */; };
		C957EA632788969600676339 /* DiceRoller.swift in Sources */ = {isa = PBXBuildFile; fileRef = C957EA622788969600676339 /* DiceRoller.swift */; };
		C95B4A30278C8F7B0024C747 /* Card Picker.swift in Sources */ = {isa = PBXBuildFile; fileRef = C95B4A2F278C8F7B0024C747 /* Card Picker.swift */; };
/* End PBXBuildFile section */

/* Begin PBXFileReference section */
		8E6F51452784C031000E8BED /* RNG.app */ = {isa = PBXFileReference; explicitFileType = wrapper.application; includeInIndex = 0; path = RNG.app; sourceTree = BUILT_PRODUCTS_DIR; };
		8E6F51482784C031000E8BED /* RNGApp.swift */ = {isa = PBXFileReference; lastKnownFileType = sourcecode.swift; path = RNGApp.swift; sourceTree = "<group>"; };
		8E6F514A2784C031000E8BED /* ContentView.swift */ = {isa = PBXFileReference; lastKnownFileType = sourcecode.swift; path = ContentView.swift; sourceTree = "<group>"; };
		8E6F514C2784C033000E8BED /* Assets.xcassets */ = {isa = PBXFileReference; lastKnownFileType = folder.assetcatalog; path = Assets.xcassets; sourceTree = "<group>"; };
		8E6F514F2784C033000E8BED /* Preview Assets.xcassets */ = {isa = PBXFileReference; lastKnownFileType = folder.assetcatalog; path = "Preview Assets.xcassets"; sourceTree = "<group>"; };
		8E6F51582784C0C3000E8BED /* Menu.swift */ = {isa = PBXFileReference; lastKnownFileType = sourcecode.swift; path = Menu.swift; sourceTree = "<group>"; };
		B367391A278CC7C3003FB3E9 /* EditList.swift */ = {isa = PBXFileReference; lastKnownFileType = sourcecode.swift; path = EditList.swift; sourceTree = "<group>"; };
		B367391C278DDD29003FB3E9 /* UserLists.swift */ = {isa = PBXFileReference; lastKnownFileType = sourcecode.swift; path = UserLists.swift; sourceTree = "<group>"; };
		B367391F27906EBC003FB3E9 /* Lists.swift */ = {isa = PBXFileReference; lastKnownFileType = sourcecode.swift; path = Lists.swift; sourceTree = "<group>"; };
		B3D135B92788891600C6264D /* Random Number Gen.swift */ = {isa = PBXFileReference; lastKnownFileType = sourcecode.swift; path = "Random Number Gen.swift"; sourceTree = "<group>"; };
		C957EA622788969600676339 /* DiceRoller.swift */ = {isa = PBXFileReference; lastKnownFileType = sourcecode.swift; path = DiceRoller.swift; sourceTree = "<group>"; };
		C95B4A2F278C8F7B0024C747 /* Card Picker.swift */ = {isa = PBXFileReference; lastKnownFileType = sourcecode.swift; path = "Card Picker.swift"; sourceTree = "<group>"; };
/* End PBXFileReference section */

/* Begin PBXFrameworksBuildPhase section */
		8E6F51422784C031000E8BED /* Frameworks */ = {
			isa = PBXFrameworksBuildPhase;
			buildActionMask = 2147483647;
			files = (
			);
			runOnlyForDeploymentPostprocessing = 0;
		};
/* End PBXFrameworksBuildPhase section */

/* Begin PBXGroup section */
		8E6F513C2784C030000E8BED = {
			isa = PBXGroup;
			children = (
				8E6F51472784C031000E8BED /* RNG */,
				8E6F51462784C031000E8BED /* Products */,
			);
			sourceTree = "<group>";
		};
		8E6F51462784C031000E8BED /* Products */ = {
			isa = PBXGroup;
			children = (
				8E6F51452784C031000E8BED /* RNG.app */,
			);
			name = Products;
			sourceTree = "<group>";
		};
		8E6F51472784C031000E8BED /* RNG */ = {
			isa = PBXGroup;
			children = (
				8E6F51482784C031000E8BED /* RNGApp.swift */,
				8E6F514A2784C031000E8BED /* ContentView.swift */,
				8E6F51582784C0C3000E8BED /* Menu.swift */,
				B3D135B92788891600C6264D /* Random Number Gen.swift */,
				C957EA622788969600676339 /* DiceRoller.swift */,
				C95B4A2F278C8F7B0024C747 /* Card Picker.swift */,
				B367391A278CC7C3003FB3E9 /* EditList.swift */,
				B367391C278DDD29003FB3E9 /* UserLists.swift */,
				B367391F27906EBC003FB3E9 /* Lists.swift */,
				8E6F514C2784C033000E8BED /* Assets.xcassets */,
				8E6F514E2784C033000E8BED /* Preview Content */,
			);
			path = RNG;
			sourceTree = "<group>";
		};
		8E6F514E2784C033000E8BED /* Preview Content */ = {
			isa = PBXGroup;
			children = (
				8E6F514F2784C033000E8BED /* Preview Assets.xcassets */,
			);
			path = "Preview Content";
			sourceTree = "<group>";
		};
/* End PBXGroup section */

/* Begin PBXNativeTarget section */
		8E6F51442784C031000E8BED /* RNG */ = {
			isa = PBXNativeTarget;
			buildConfigurationList = 8E6F51532784C033000E8BED /* Build configuration list for PBXNativeTarget "RNG" */;
			buildPhases = (
				8E6F51412784C031000E8BED /* Sources */,
				8E6F51422784C031000E8BED /* Frameworks */,
				8E6F51432784C031000E8BED /* Resources */,
			);
			buildRules = (
			);
			dependencies = (
			);
			name = RNG;
			productName = RNG;
			productReference = 8E6F51452784C031000E8BED /* RNG.app */;
			productType = "com.apple.product-type.application";
		};
/* End PBXNativeTarget section */

/* Begin PBXProject section */
		8E6F513D2784C030000E8BED /* Project object */ = {
			isa = PBXProject;
			attributes = {
				BuildIndependentTargetsInParallel = 1;
				LastSwiftUpdateCheck = 1320;
				LastUpgradeCheck = 1320;
				TargetAttributes = {
					8E6F51442784C031000E8BED = {
						CreatedOnToolsVersion = 13.2.1;
					};
				};
			};
			buildConfigurationList = 8E6F51402784C030000E8BED /* Build configuration list for PBXProject "RNG" */;
			compatibilityVersion = "Xcode 13.0";
			developmentRegion = en;
			hasScannedForEncodings = 0;
			knownRegions = (
				en,
				Base,
			);
			mainGroup = 8E6F513C2784C030000E8BED;
			productRefGroup = 8E6F51462784C031000E8BED /* Products */;
			projectDirPath = "";
			projectRoot = "";
			targets = (
				8E6F51442784C031000E8BED /* RNG */,
			);
		};
/* End PBXProject section */

/* Begin PBXResourcesBuildPhase section */
		8E6F51432784C031000E8BED /* Resources */ = {
			isa = PBXResourcesBuildPhase;
			buildActionMask = 2147483647;
			files = (
				8E6F51502784C033000E8BED /* Preview Assets.xcassets in Resources */,
				8E6F514D2784C033000E8BED /* Assets.xcassets in Resources */,
			);
			runOnlyForDeploymentPostprocessing = 0;
		};
/* End PBXResourcesBuildPhase section */

/* Begin PBXSourcesBuildPhase section */
		8E6F51412784C031000E8BED /* Sources */ = {
			isa = PBXSourcesBuildPhase;
			buildActionMask = 2147483647;
			files = (
				8E6F514B2784C031000E8BED /* ContentView.swift in Sources */,
				B367391B278CC7C3003FB3E9 /* EditList.swift in Sources */,
				8E6F51592784C0C3000E8BED /* Menu.swift in Sources */,
				B3D135BA2788891600C6264D /* Random Number Gen.swift in Sources */,
				8E6F51492784C031000E8BED /* RNGApp.swift in Sources */,
				C95B4A30278C8F7B0024C747 /* Card Picker.swift in Sources */,
				C957EA632788969600676339 /* DiceRoller.swift in Sources */,
				B367391D278DDD29003FB3E9 /* UserLists.swift in Sources */,
				B367392027906EBC003FB3E9 /* Lists.swift in Sources */,
			);
			runOnlyForDeploymentPostprocessing = 0;
		};
/* End PBXSourcesBuildPhase section */

/* Begin XCBuildConfiguration section */
		8E6F51512784C033000E8BED /* Debug */ = {
			isa = XCBuildConfiguration;
			buildSettings = {
				ALWAYS_SEARCH_USER_PATHS = NO;
				CLANG_ANALYZER_NONNULL = YES;
				CLANG_ANALYZER_NUMBER_OBJECT_CONVERSION = YES_AGGRESSIVE;
				CLANG_CXX_LANGUAGE_STANDARD = "gnu++17";
				CLANG_CXX_LIBRARY = "libc++";
				CLANG_ENABLE_MODULES = YES;
				CLANG_ENABLE_OBJC_ARC = YES;
				CLANG_ENABLE_OBJC_WEAK = YES;
				CLANG_WARN_BLOCK_CAPTURE_AUTORELEASING = YES;
				CLANG_WARN_BOOL_CONVERSION = YES;
				CLANG_WARN_COMMA = YES;
				CLANG_WARN_CONSTANT_CONVERSION = YES;
				CLANG_WARN_DEPRECATED_OBJC_IMPLEMENTATIONS = YES;
				CLANG_WARN_DIRECT_OBJC_ISA_USAGE = YES_ERROR;
				CLANG_WARN_DOCUMENTATION_COMMENTS = YES;
				CLANG_WARN_EMPTY_BODY = YES;
				CLANG_WARN_ENUM_CONVERSION = YES;
				CLANG_WARN_INFINITE_RECURSION = YES;
				CLANG_WARN_INT_CONVERSION = YES;
				CLANG_WARN_NON_LITERAL_NULL_CONVERSION = YES;
				CLANG_WARN_OBJC_IMPLICIT_RETAIN_SELF = YES;
				CLANG_WARN_OBJC_LITERAL_CONVERSION = YES;
				CLANG_WARN_OBJC_ROOT_CLASS = YES_ERROR;
				CLANG_WARN_QUOTED_INCLUDE_IN_FRAMEWORK_HEADER = YES;
				CLANG_WARN_RANGE_LOOP_ANALYSIS = YES;
				CLANG_WARN_STRICT_PROTOTYPES = YES;
				CLANG_WARN_SUSPICIOUS_MOVE = YES;
				CLANG_WARN_UNGUARDED_AVAILABILITY = YES_AGGRESSIVE;
				CLANG_WARN_UNREACHABLE_CODE = YES;
				CLANG_WARN__DUPLICATE_METHOD_MATCH = YES;
				COPY_PHASE_STRIP = NO;
				DEBUG_INFORMATION_FORMAT = dwarf;
				ENABLE_STRICT_OBJC_MSGSEND = YES;
				ENABLE_TESTABILITY = YES;
				GCC_C_LANGUAGE_STANDARD = gnu11;
				GCC_DYNAMIC_NO_PIC = NO;
				GCC_NO_COMMON_BLOCKS = YES;
				GCC_OPTIMIZATION_LEVEL = 0;
				GCC_PREPROCESSOR_DEFINITIONS = (
					"DEBUG=1",
					"$(inherited)",
				);
				GCC_WARN_64_TO_32_BIT_CONVERSION = YES;
				GCC_WARN_ABOUT_RETURN_TYPE = YES_ERROR;
				GCC_WARN_UNDECLARED_SELECTOR = YES;
				GCC_WARN_UNINITIALIZED_AUTOS = YES_AGGRESSIVE;
				GCC_WARN_UNUSED_FUNCTION = YES;
				GCC_WARN_UNUSED_VARIABLE = YES;
				IPHONEOS_DEPLOYMENT_TARGET = 15.2;
				MTL_ENABLE_DEBUG_INFO = INCLUDE_SOURCE;
				MTL_FAST_MATH = YES;
				ONLY_ACTIVE_ARCH = YES;
				SDKROOT = iphoneos;
				SWIFT_ACTIVE_COMPILATION_CONDITIONS = DEBUG;
				SWIFT_OPTIMIZATION_LEVEL = "-Onone";
			};
			name = Debug;
		};
		8E6F51522784C033000E8BED /* Release */ = {
			isa = XCBuildConfiguration;
			buildSettings = {
				ALWAYS_SEARCH_USER_PATHS = NO;
				CLANG_ANALYZER_NONNULL = YES;
				CLANG_ANALYZER_NUMBER_OBJECT_CONVERSION = YES_AGGRESSIVE;
				CLANG_CXX_LANGUAGE_STANDARD = "gnu++17";
				CLANG_CXX_LIBRARY = "libc++";
				CLANG_ENABLE_MODULES = YES;
				CLANG_ENABLE_OBJC_ARC = YES;
				CLANG_ENABLE_OBJC_WEAK = YES;
				CLANG_WARN_BLOCK_CAPTURE_AUTORELEASING = YES;
				CLANG_WARN_BOOL_CONVERSION = YES;
				CLANG_WARN_COMMA = YES;
				CLANG_WARN_CONSTANT_CONVERSION = YES;
				CLANG_WARN_DEPRECATED_OBJC_IMPLEMENTATIONS = YES;
				CLANG_WARN_DIRECT_OBJC_ISA_USAGE = YES_ERROR;
				CLANG_WARN_DOCUMENTATION_COMMENTS = YES;
				CLANG_WARN_EMPTY_BODY = YES;
				CLANG_WARN_ENUM_CONVERSION = YES;
				CLANG_WARN_INFINITE_RECURSION = YES;
				CLANG_WARN_INT_CONVERSION = YES;
				CLANG_WARN_NON_LITERAL_NULL_CONVERSION = YES;
				CLANG_WARN_OBJC_IMPLICIT_RETAIN_SELF = YES;
				CLANG_WARN_OBJC_LITERAL_CONVERSION = YES;
				CLANG_WARN_OBJC_ROOT_CLASS = YES_ERROR;
				CLANG_WARN_QUOTED_INCLUDE_IN_FRAMEWORK_HEADER = YES;
				CLANG_WARN_RANGE_LOOP_ANALYSIS = YES;
				CLANG_WARN_STRICT_PROTOTYPES = YES;
				CLANG_WARN_SUSPICIOUS_MOVE = YES;
				CLANG_WARN_UNGUARDED_AVAILABILITY = YES_AGGRESSIVE;
				CLANG_WARN_UNREACHABLE_CODE = YES;
				CLANG_WARN__DUPLICATE_METHOD_MATCH = YES;
				COPY_PHASE_STRIP = NO;
				DEBUG_INFORMATION_FORMAT = "dwarf-with-dsym";
				ENABLE_NS_ASSERTIONS = NO;
				ENABLE_STRICT_OBJC_MSGSEND = YES;
				GCC_C_LANGUAGE_STANDARD = gnu11;
				GCC_NO_COMMON_BLOCKS = YES;
				GCC_WARN_64_TO_32_BIT_CONVERSION = YES;
				GCC_WARN_ABOUT_RETURN_TYPE = YES_ERROR;
				GCC_WARN_UNDECLARED_SELECTOR = YES;
				GCC_WARN_UNINITIALIZED_AUTOS = YES_AGGRESSIVE;
				GCC_WARN_UNUSED_FUNCTION = YES;
				GCC_WARN_UNUSED_VARIABLE = YES;
				IPHONEOS_DEPLOYMENT_TARGET = 15.2;
				MTL_ENABLE_DEBUG_INFO = NO;
				MTL_FAST_MATH = YES;
				SDKROOT = iphoneos;
				SWIFT_COMPILATION_MODE = wholemodule;
				SWIFT_OPTIMIZATION_LEVEL = "-O";
				VALIDATE_PRODUCT = YES;
			};
			name = Release;
		};
		8E6F51542784C033000E8BED /* Debug */ = {
			isa = XCBuildConfiguration;
			buildSettings = {
				ASSETCATALOG_COMPILER_APPICON_NAME = AppIcon;
				ASSETCATALOG_COMPILER_GLOBAL_ACCENT_COLOR_NAME = AccentColor;
				CODE_SIGN_STYLE = Automatic;
				CURRENT_PROJECT_VERSION = 1;
				DEVELOPMENT_ASSET_PATHS = "\"RNG/Preview Content\"";
				DEVELOPMENT_TEAM = 363863NZ5H;
				ENABLE_PREVIEWS = YES;
				GENERATE_INFOPLIST_FILE = YES;
				INFOPLIST_KEY_UIApplicationSceneManifest_Generation = YES;
				INFOPLIST_KEY_UIApplicationSupportsIndirectInputEvents = YES;
				INFOPLIST_KEY_UILaunchScreen_Generation = YES;
				INFOPLIST_KEY_UISupportedInterfaceOrientations_iPad = "UIInterfaceOrientationPortrait UIInterfaceOrientationPortraitUpsideDown UIInterfaceOrientationLandscapeLeft UIInterfaceOrientationLandscapeRight";
				INFOPLIST_KEY_UISupportedInterfaceOrientations_iPhone = "UIInterfaceOrientationPortrait UIInterfaceOrientationLandscapeLeft UIInterfaceOrientationLandscapeRight";
				LD_RUNPATH_SEARCH_PATHS = (
					"$(inherited)",
					"@executable_path/Frameworks",
				);
				MARKETING_VERSION = 1.0;
				PRODUCT_BUNDLE_IDENTIFIER = com.example.RNG;
				PRODUCT_NAME = "$(TARGET_NAME)";
				SWIFT_EMIT_LOC_STRINGS = YES;
				SWIFT_VERSION = 5.0;
				TARGETED_DEVICE_FAMILY = "1,2";
			};
			name = Debug;
		};
		8E6F51552784C033000E8BED /* Release */ = {
			isa = XCBuildConfiguration;
			buildSettings = {
				ASSETCATALOG_COMPILER_APPICON_NAME = AppIcon;
				ASSETCATALOG_COMPILER_GLOBAL_ACCENT_COLOR_NAME = AccentColor;
				CODE_SIGN_STYLE = Automatic;
				CURRENT_PROJECT_VERSION = 1;
				DEVELOPMENT_ASSET_PATHS = "\"RNG/Preview Content\"";
				DEVELOPMENT_TEAM = 363863NZ5H;
				ENABLE_PREVIEWS = YES;
				GENERATE_INFOPLIST_FILE = YES;
				INFOPLIST_KEY_UIApplicationSceneManifest_Generation = YES;
				INFOPLIST_KEY_UIApplicationSupportsIndirectInputEvents = YES;
				INFOPLIST_KEY_UILaunchScreen_Generation = YES;
				INFOPLIST_KEY_UISupportedInterfaceOrientations_iPad = "UIInterfaceOrientationPortrait UIInterfaceOrientationPortraitUpsideDown UIInterfaceOrientationLandscapeLeft UIInterfaceOrientationLandscapeRight";
				INFOPLIST_KEY_UISupportedInterfaceOrientations_iPhone = "UIInterfaceOrientationPortrait UIInterfaceOrientationLandscapeLeft UIInterfaceOrientationLandscapeRight";
				LD_RUNPATH_SEARCH_PATHS = (
					"$(inherited)",
					"@executable_path/Frameworks",
				);
				MARKETING_VERSION = 1.0;
				PRODUCT_BUNDLE_IDENTIFIER = com.example.RNG;
				PRODUCT_NAME = "$(TARGET_NAME)";
				SWIFT_EMIT_LOC_STRINGS = YES;
				SWIFT_VERSION = 5.0;
				TARGETED_DEVICE_FAMILY = "1,2";
			};
			name = Release;
		};
/* End XCBuildConfiguration section */

/* Begin XCConfigurationList section */
		8E6F51402784C030000E8BED /* Build configuration list for PBXProject "RNG" */ = {
			isa = XCConfigurationList;
			buildConfigurations = (
				8E6F51512784C033000E8BED /* Debug */,
				8E6F51522784C033000E8BED /* Release */,
			);
			defaultConfigurationIsVisible = 0;
			defaultConfigurationName = Release;
		};
		8E6F51532784C033000E8BED /* Build configuration list for PBXNativeTarget "RNG" */ = {
			isa = XCConfigurationList;
			buildConfigurations = (
				8E6F51542784C033000E8BED /* Debug */,
				8E6F51552784C033000E8BED /* Release */,
			);
			defaultConfigurationIsVisible = 0;
			defaultConfigurationName = Release;
		};
/* End XCConfigurationList section */
	};
	rootObject = 8E6F513D2784C030000E8BED /* Project object */;
}
